
Microsoft Visual Studio Solution File, Format Version 12.00
# Visual Studio 15
VisualStudioVersion = 15.0.27130.2003
MinimumVisualStudioVersion = 10.0.40219.1
Project("{8BC9CEB8-8B4A-11D0-8D11-00A0C91BC942}") = "demo", "demo.vcxproj", "{96080342-A00F-46EA-AEBA-2C6ECB783085}"
EndProject
Global
	GlobalSection(SolutionConfigurationPlatforms) = preSolution
		Debug|x64 = Debug|x64
		Debug|x86 = Debug|x86
		Release|x64 = Release|x64
		Release|x86 = Release|x86
	EndGlobalSection
	GlobalSection(ProjectConfigurationPlatforms) = postSolution
		{96080342-A00F-46EA-AEBA-2C6ECB783085}.Debug|x64.ActiveCfg = Debug|x64
		{96080342-A00F-46EA-AEBA-2C6ECB783085}.Debug|x64.Build.0 = Debug|x64
		{96080342-A00F-46EA-AEBA-2C6ECB783085}.Debug|x86.ActiveCfg = Debug|Win32
		{96080342-A00F-46EA-AEBA-2C6ECB783085}.Debug|x86.Build.0 = Debug|Win32
		{96080342-A00F-46EA-AEBA-2C6ECB783085}.Release|x64.ActiveCfg = Release|x64
		{96080342-A00F-46EA-AEBA-2C6ECB783085}.Release|x64.Build.0 = Release|x64
		{96080342-A00F-46EA-AEBA-2C6ECB783085}.Release|x86.ActiveCfg = Release|Win32
		{96080342-A00F-46EA-AEBA-2C6ECB783085}.Release|x86.Build.0 = Release|Win32
	EndGlobalSection
	GlobalSection(SolutionProperties) = preSolution
		HideSolutionNode = FALSE
	EndGlobalSection
	GlobalSection(ExtensibilityGlobals) = postSolution
		SolutionGuid = {54FC9833-6022-472B-8B77-B21B12035797}
	EndGlobalSection
EndGlobal
